{
  "name": "frontend",
  "lockfileVersion": 3,
  "requires": true,
  "packages": {
    "": {
      "dependencies": {
        "@capacitor-community/speech-recognition": "^7.0.1",
        "@capacitor/geolocation": "^8.0.0"
      }
    },
    "node_modules/@capacitor-community/speech-recognition": {
      "version": "7.0.1",
      "resolved": "https://registry.npmjs.org/@capacitor-community/speech-recognition/-/speech-recognition-7.0.1.tgz",
      "integrity": "sha512-ykpBZziR575X0eURO5vXaD9gVrXXC/7Ra2qql/2KP6/jxWOqAFuw4eKjSPjwdAgGE6a/Z+v8FJm4SVh57MVwDA==",
      "peerDependencies": {
        "@capacitor/core": ">=7.0.0"
      }
    },
    "node_modules/@capacitor/geolocation": {
      "version": "8.0.0",
      "resolved": "https://registry.npmjs.org/@capacitor/geolocation/-/geolocation-8.0.0.tgz",
      "integrity": "sha512-ci6gOWd5/uruC3bRTxI3xFd9g82WnnJbdQxOH3oZOATNuedlaAw5c5/zXEIMYfRB7t2x1v8/N9gXkND6/nOmVQ==",
      "dependencies": {
        "@capacitor/synapse": "^1.0.4"
      },
      "peerDependencies": {
        "@capacitor/core": ">=8.0.0"
      }
    },
    "node_modules/@capacitor/synapse": {
      "version": "1.0.4",
      "resolved": "https://registry.npmjs.org/@capacitor/synapse/-/synapse-1.0.4.tgz",
      "integrity": "sha512-/C1FUo8/OkKuAT4nCIu/34ny9siNHr9qtFezu4kxm6GY1wNFxrCFWjfYx5C1tUhVGz3fxBABegupkpjXvjCHrw=="
    }
  }
}
