{
  "name": "Anoocoo",
  "lockfileVersion": 3,
  "requires": true,
  "packages": {
    "": {
      "dependencies": {
        "@awesome-cordova-plugins/bluetooth-serial": "^8.1.0",
        "@awesome-cordova-plugins/core": "^8.1.0",
        "cordova-plugin-bluetooth-serial": "^0.4.7"
      }
    },
    "node_modules/@awesome-cordova-plugins/bluetooth-serial": {
      "version": "8.1.0",
      "resolved": "https://registry.npmjs.org/@awesome-cordova-plugins/bluetooth-serial/-/bluetooth-serial-8.1.0.tgz",
      "integrity": "sha512-jqCcFi1pZUEsq7U+TfJ80+IpYB1czzhTF59l8M6+FhUZ68NRZGh+igpRb540uS8OvGKzvcx571NE4zKmzP+evQ==",
      "dependencies": {
        "@types/cordova": "latest"
      },
      "peerDependencies": {
        "@awesome-cordova-plugins/core": "^8.0.2",
        "rxjs": "^5.5.0 || ^6.5.0 || ^7.3.0"
      }
    },
    "node_modules/@awesome-cordova-plugins/core": {
      "version": "8.1.0",
      "resolved": "https://registry.npmjs.org/@awesome-cordova-plugins/core/-/core-8.1.0.tgz",
      "integrity": "sha512-7NkUC2FcXSlIuIH2xc1miIdN8/by2uewrIg5JBWauN1KCzCXLhCwZ39C8nBsWxCloAxCvec+MMU5SzJGGWfjTg==",
      "dependencies": {
        "@types/cordova": "latest"
      },
      "peerDependencies": {
        "rxjs": "^5.5.0 || ^6.5.0 || ^7.3.0"
      }
    },
    "node_modules/@types/cordova": {
      "version": "11.0.3",
      "resolved": "https://registry.npmjs.org/@types/cordova/-/cordova-11.0.3.tgz",
      "integrity": "sha512-kyuRQ40/NWQVhqGIHq78Ehu2Bf9Mlg0LhmSmis6ZFJK7z933FRfYi8tHe/k/0fB+PGfCf95rJC6TO7dopaFvAg=="
    },
    "node_modules/cordova-plugin-bluetooth-serial": {
      "version": "0.4.7",
      "resolved": "https://registry.npmjs.org/cordova-plugin-bluetooth-serial/-/cordova-plugin-bluetooth-serial-0.4.7.tgz",
      "integrity": "sha512-Z62yZwl77CNoTLW3SwLvvvjPGq+sA1LBsSpuvdC3LePICiJHzFu2Zi5CtGSkjmkj+qOrgHoawOeXVgjN3LrPag=="
    }
  }
}
